
Microsoft Visual Studio Solution File, Format Version 12.00
# Visual Studio Version 16
VisualStudioVersion = 16.0.31005.135
MinimumVisualStudioVersion = 10.0.40219.1
Project("{FAE04EC0-301F-11D3-BF4B-00C04F79EFBC}") = "GeneralStore.MVC", "GeneralStore.MVC\GeneralStore.MVC.csproj", "{28191164-D52E-4E6B-AADB-B0F2B5533B9A}"
EndProject
Global
	GlobalSection(SolutionConfigurationPlatforms) = preSolution
		Debug|Any CPU = Debug|Any CPU
		Release|Any CPU = Release|Any CPU
	EndGlobalSection
	GlobalSection(ProjectConfigurationPlatforms) = postSolution
		{28191164-D52E-4E6B-AADB-B0F2B5533B9A}.Debug|Any CPU.ActiveCfg = Debug|Any CPU
		{28191164-D52E-4E6B-AADB-B0F2B5533B9A}.Debug|Any CPU.Build.0 = Debug|Any CPU
		{28191164-D52E-4E6B-AADB-B0F2B5533B9A}.Release|Any CPU.ActiveCfg = Release|Any CPU
		{28191164-D52E-4E6B-AADB-B0F2B5533B9A}.Release|Any CPU.Build.0 = Release|Any CPU
	EndGlobalSection
	GlobalSection(SolutionProperties) = preSolution
		HideSolutionNode = FALSE
	EndGlobalSection
	GlobalSection(ExtensibilityGlobals) = postSolution
		SolutionGuid = {C7ABD959-8A31-487B-8832-4A5609BAB3C0}
	EndGlobalSection
EndGlobal
